
Microsoft Visual Studio Solution File, Format Version 12.00
# Visual Studio Version 17
VisualStudioVersion = 17.1.32414.318
MinimumVisualStudioVersion = 10.0.40219.1
Project("{FAE04EC0-301F-11D3-BF4B-00C04F79EFBC}") = "Gerador de senha", "Gerador de senha\Gerador de senha.csproj", "{9F5F13E2-4CF5-464E-A0C5-2B331F8AB714}"
EndProject
Global
	GlobalSection(SolutionConfigurationPlatforms) = preSolution
		Debug|Any CPU = Debug|Any CPU
		Release|Any CPU = Release|Any CPU
	EndGlobalSection
	GlobalSection(ProjectConfigurationPlatforms) = postSolution
		{9F5F13E2-4CF5-464E-A0C5-2B331F8AB714}.Debug|Any CPU.ActiveCfg = Debug|Any CPU
		{9F5F13E2-4CF5-464E-A0C5-2B331F8AB714}.Debug|Any CPU.Build.0 = Debug|Any CPU
		{9F5F13E2-4CF5-464E-A0C5-2B331F8AB714}.Release|Any CPU.ActiveCfg = Release|Any CPU
		{9F5F13E2-4CF5-464E-A0C5-2B331F8AB714}.Release|Any CPU.Build.0 = Release|Any CPU
	EndGlobalSection
	GlobalSection(SolutionProperties) = preSolution
		HideSolutionNode = FALSE
	EndGlobalSection
	GlobalSection(ExtensibilityGlobals) = postSolution
		SolutionGuid = {93AB7396-63DB-404A-8B8B-E1048A9FF122}
	EndGlobalSection
EndGlobal
